
Microsoft Visual Studio Solution File, Format Version 12.00
# Visual Studio Version 17
VisualStudioVersion = 17.4.33213.308
MinimumVisualStudioVersion = 10.0.40219.1
Project("{FAE04EC0-301F-11D3-BF4B-00C04F79EFBC}") = "MinimalJwt", "MinimalJwt\MinimalJwt.csproj", "{28A7FC2B-CB01-4A9E-AE15-0A4680D261A8}"
EndProject
Global
	GlobalSection(SolutionConfigurationPlatforms) = preSolution
		Debug|Any CPU = Debug|Any CPU
		Release|Any CPU = Release|Any CPU
	EndGlobalSection
	GlobalSection(ProjectConfigurationPlatforms) = postSolution
		{28A7FC2B-CB01-4A9E-AE15-0A4680D261A8}.Debug|Any CPU.ActiveCfg = Debug|Any CPU
		{28A7FC2B-CB01-4A9E-AE15-0A4680D261A8}.Debug|Any CPU.Build.0 = Debug|Any CPU
		{28A7FC2B-CB01-4A9E-AE15-0A4680D261A8}.Release|Any CPU.ActiveCfg = Release|Any CPU
		{28A7FC2B-CB01-4A9E-AE15-0A4680D261A8}.Release|Any CPU.Build.0 = Release|Any CPU
	EndGlobalSection
	GlobalSection(SolutionProperties) = preSolution
		HideSolutionNode = FALSE
	EndGlobalSection
	GlobalSection(ExtensibilityGlobals) = postSolution
		SolutionGuid = {47AA163B-273F-4639-ACB9-CF0269C5DD43}
	EndGlobalSection
EndGlobal
